
Microsoft Visual Studio Solution File, Format Version 12.00
# Visual Studio 15
VisualStudioVersion = 15.0.26730.16
MinimumVisualStudioVersion = 10.0.40219.1
Project("{FAE04EC0-301F-11D3-BF4B-00C04F79EFBC}") = "Hylian Melody", "Hylian Melody\Hylian Melody.csproj", "{811618E1-E93C-4DB8-AADB-836F4E6A4DF5}"
EndProject
Project("{FAE04EC0-301F-11D3-BF4B-00C04F79EFBC}") = "Inspection Tools", "Inspection Tools\Inspection Tools.csproj", "{C96CAC42-DA38-44F0-A615-E032E2AC3B7F}"
EndProject
Global
	GlobalSection(SolutionConfigurationPlatforms) = preSolution
		Debug|Any CPU = Debug|Any CPU
		Release|Any CPU = Release|Any CPU
	EndGlobalSection
	GlobalSection(ProjectConfigurationPlatforms) = postSolution
		{811618E1-E93C-4DB8-AADB-836F4E6A4DF5}.Debug|Any CPU.ActiveCfg = Debug|Any CPU
		{811618E1-E93C-4DB8-AADB-836F4E6A4DF5}.Debug|Any CPU.Build.0 = Debug|Any CPU
		{811618E1-E93C-4DB8-AADB-836F4E6A4DF5}.Release|Any CPU.ActiveCfg = Release|Any CPU
		{811618E1-E93C-4DB8-AADB-836F4E6A4DF5}.Release|Any CPU.Build.0 = Release|Any CPU
		{C96CAC42-DA38-44F0-A615-E032E2AC3B7F}.Debug|Any CPU.ActiveCfg = Debug|Any CPU
		{C96CAC42-DA38-44F0-A615-E032E2AC3B7F}.Debug|Any CPU.Build.0 = Debug|Any CPU
		{C96CAC42-DA38-44F0-A615-E032E2AC3B7F}.Release|Any CPU.ActiveCfg = Release|Any CPU
		{C96CAC42-DA38-44F0-A615-E032E2AC3B7F}.Release|Any CPU.Build.0 = Release|Any CPU
	EndGlobalSection
	GlobalSection(SolutionProperties) = preSolution
		HideSolutionNode = FALSE
	EndGlobalSection
	GlobalSection(ExtensibilityGlobals) = postSolution
		SolutionGuid = {C7950011-1DCD-4851-8E8C-F34B6F865086}
	EndGlobalSection
EndGlobal
